{
  "lockfileVersion": 2,
  "configVersion": 1,
  "workspaces": {
    "": {
      "name": "liff-app",
      "dependencies": {
        "@line/liff": "^2.30.0",
        "react": "^19.2.8",
        "react-dom": "^19.2.8",
      },
      "devDependencies": {
        "@types/node": "^24.13.3",
        "@types/react": "^19.2.17",
        "@types/react-dom": "^19.2.3",
        "@vitejs/plugin-react": "^6.0.4",
        "oxlint": "^1.75.0",
        "typescript": "~6.0.2",
        "vite": "^8.2.0",
      },
    },
  },
  "packages": {
    "@liff/activity": ["@liff/activity@2.30.0", "", { "dependencies": { "@liff/consts": "2.30.0", "@liff/is-api-available": "2.30.0", "@liff/is-in-client": "2.30.0", "@liff/native-bridge": "2.30.0", "@liff/use": "2.30.0", "@liff/util": "2.30.0" }, "peerDependencies": { "tslib": "^2.3.0" } }, "sha512-3lShbTQpUgvMQCZwMmrRR6+Eq9gAMwT1bcT7PF204xwOtOVkqxk0PgzOVkXi2wSaTvBg4KnW7YnNPFAajNaFGA=="],

    "@liff/add-to-home-screen": ["@liff/add-to-home-screen@2.30.0", "", { "dependencies": { "@liff/consts": "2.30.0", "@liff/open-window": "2.30.0", "@liff/types": "2.30.0", "@liff/util": "2.30.0" }, "peerDependencies": { "tslib": "^2.3.0" } }, "sha512-OlmCn5DNg7o+KMqJ58WMsPSy2+hzUVdLDAdFnk00x3zWbz2S4Tli4IOGbmAYxzQGqYZPKLolK7QA6MPFURBcCg=="],

    "@liff/analytics": ["@liff/analytics@2.30.0", "", { "dependencies": { "@liff/consts": "2.30.0", "@liff/core": "2.30.0", "@liff/get-profile": "2.30.0", "@liff/get-version": "2.30.0", "@liff/is-logged-in": "2.30.0", "@liff/logger": "2.30.0", "@liff/store": "2.30.0", "@liff/types": "2.30.0", "@liff/use": "2.30.0", "@liff/util": "2.30.0" }, "peerDependencies": { "tslib": "^2.3.0" } }, "sha512-4Uo9I7Uhh+C76kr7uIHxXfS3FMdSrTXHUess8/AoOXXulkrzHEGUZ7arRWnLesA5AuitrtJq7+EQsBmd7kx63g=="],

    "@liff/calendar": ["@liff/calendar@2.30.0", "", { "dependencies": { "@liff/consts": "2.30.0", "@liff/is-api-available": "2.30.0", "@liff/native-bridge": "2.30.0", "@liff/use": "2.30.0", "@liff/util": "2.30.0" }, "peerDependencies": { "tslib": "^2.3.0" } }, "sha512-wkOx335FIhEynBBj+siyW86SvSE9JuxBg9Cq0P9zxvxtaBokmcGJdtZ57JiW/UrorTP/1/pnJeM08I0I4GAzCw=="],

    "@liff/check-availability": ["@liff/check-availability@2.30.0", "", { "dependencies": { "@liff/get-version": "2.30.0", "@liff/is-api-available": "2.30.0", "@liff/types": "2.30.0", "@liff/util": "2.30.0" }, "peerDependencies": { "tslib": "^2.3.0" } }, "sha512-6UanhyuhYxMNlXyId05eWtDs/qTjWItdbQhEIuK4SM0OZ91fh8g7zE1GBBE+p6na9So7vUKFmRP1OqtP9vEGRA=="],

    "@liff/close-window": ["@liff/close-window@2.30.0", "", { "dependencies": { "@liff/get-line-version": "2.30.0", "@liff/get-os": "2.30.0", "@liff/native-bridge": "2.30.0", "@liff/types": "2.30.0", "@liff/use": "2.30.0", "@liff/util": "2.30.0" }, "peerDependencies": { "tslib": "^2.3.0" } }, "sha512-BFOvxpOoaYdGnS/DPDwf3ZwS2u0LeZGC7DyIVbTls4zEU7rkwBZ9m0K26zYjaWaxzC/BUqKoHjC98fL+ctgQeA=="],

    "@liff/consts": ["@liff/consts@2.30.0", "", { "peerDependencies": { "tslib": "^2.3.0" } }, "sha512-mb/spPw6MrI0OpcU/gM5a2Hc2jD0iJIgTHtGrsnROKz7eUKD3qg+ETerzsBHCNjn4PsWFiAM/kgP/W0BYFAHrw=="],

    "@liff/core": ["@liff/core@2.30.0", "", { "dependencies": { "@liff/get-version": "2.30.0", "@liff/init": "2.30.0", "@liff/native-bridge": "2.30.0", "@liff/ready": "2.30.0", "@liff/store": "2.30.0", "@liff/use": "2.30.0" }, "peerDependencies": { "tslib": "^2.3.0" } }, "sha512-MGXpX5vWKzS+rU4iE+i5XrLJFda2ZM9yyXEWwIzpW9flvijbb3xKMChRwfxLDgp+V21+fYLKEs2ymtpYiOlQLg=="],

    "@liff/create-shortcut-on-home-screen": ["@liff/create-shortcut-on-home-screen@2.30.0", "", { "dependencies": { "@liff/consts": "2.30.0", "@liff/get-os": "2.30.0", "@liff/is-api-available": "2.30.0", "@liff/is-in-client": "2.30.0", "@liff/open-window": "2.30.0", "@liff/permanent-link": "2.30.0", "@liff/server-api": "2.30.0", "@liff/store": "2.30.0", "@liff/use": "2.30.0", "@liff/util": "2.30.0" }, "peerDependencies": { "tslib": "^2.3.0" } }, "sha512-wME3YNRMVlY5hJsPTs8O7EaY3W04h4rnnsUKKtSSIfWgosfpVTkzqWeSq6+mnoy+8TiysGvqfASRyWw+nRD7FQ=="],

    "@liff/extensions": ["@liff/extensions@2.30.0", "", { "dependencies": { "@liff/add-to-home-screen": "2.30.0", "@liff/check-availability": "2.30.0", "@liff/consts": "2.30.0", "@liff/get-advertising-id": "2.30.0", "@liff/get-line-version": "2.30.0", "@liff/get-os": "2.30.0", "@liff/logger": "2.30.0", "@liff/scan-code": "2.30.0", "@liff/store": "2.30.0", "@liff/types": "2.30.0", "@liff/util": "2.30.0" } }, "sha512-i3DOLyHho1VXj31XQmPwwZkxGLn7jNg8cJwVmV8WFLtYtzw2+vX/ksSkTMiGUTvrjG1NUzI3NHSZJp8GKSHJ4A=="],

    "@liff/get-advertising-id": ["@liff/get-advertising-id@2.30.0", "", { "dependencies": { "@liff/types": "2.30.0" }, "peerDependencies": { "tslib": "^2.3.0" } }, "sha512-vmWdbniu64VjPOeNIV+/anU070rOO59Zy2VltPOuaqBm1aSbDvCatNwZVGG8HFkz5z643t5e9T8flTgAK6TcMA=="],

    "@liff/get-app-language": ["@liff/get-app-language@2.30.0", "", { "dependencies": { "@liff/get-line-version": "2.30.0", "@liff/get-os": "2.30.0", "@liff/is-in-client": "2.30.0", "@liff/use": "2.30.0", "@liff/util": "2.30.0" }, "peerDependencies": { "tslib": "^2.3.0" } }, "sha512-7FjJNBcyVDynDzNo728UBw+ye1z0AeEYOkh6BAgel8BEAeinm84wCPuOCNEUw1k2jAU0MQT8CiVnBwft42dpKQ=="],

    "@liff/get-friendship": ["@liff/get-friendship@2.30.0", "", { "dependencies": { "@liff/consts": "2.30.0", "@liff/permission": "2.30.0", "@liff/server-api": "2.30.0", "@liff/use": "2.30.0", "@liff/util": "2.30.0" }, "peerDependencies": { "tslib": "^2.3.0" } }, "sha512-IUXwIwDPk7G+qer/f2/AXaxRR0W88N24FOZdxI6zC8wJhrapAqvQtfUv4grRtJopEr+Lh1ZdOnTkHok3e825Mg=="],

    "@liff/get-language": ["@liff/get-language@2.30.0", "", { "dependencies": { "@liff/use": "2.30.0" }, "peerDependencies": { "tslib": "^2.3.0" } }, "sha512-9Pg0zztWXf6v+2DcsHAFw7SxLZCGamzWfUJdFy7uBopHBE3sjuHNAiJmIAuR7EG45xUv5/xHa3vXuFY2LQmVpQ=="],

    "@liff/get-line-version": ["@liff/get-line-version@2.30.0", "", { "dependencies": { "@liff/use": "2.30.0" }, "peerDependencies": { "tslib": "^2.3.0" } }, "sha512-dUKYwlCFPtKqp5ikClzSvoEBHgmhhP+/WCkbjT955krmAd4bceGM7+K7jfa/n363J9aPgrWDFMrlm2GvfyDBnQ=="],

    "@liff/get-origins": ["@liff/get-origins@2.30.0", "", { "dependencies": { "@liff/use": "2.30.0" }, "peerDependencies": { "tslib": "^2.3.0" } }, "sha512-ooNHrZQgix6crCSsxhosj+LFmnXWW67YkiN372vM2K+atT83FU5/ggVSaTxGw6AJzODX5g9SMj4rRrvuOS98AA=="],

    "@liff/get-os": ["@liff/get-os@2.30.0", "", { "dependencies": { "@liff/use": "2.30.0" }, "peerDependencies": { "tslib": "^2.3.0" } }, "sha512-RQ9thtIt/R+jDenWWN7CL5R+Ej/g/zwHexpzeb0u8IYGWTpxCkk1w+fkm849CByQ96v1PzQeZCxAstVoZnmlaA=="],

    "@liff/get-profile": ["@liff/get-profile@2.30.0", "", { "dependencies": { "@liff/permission": "2.30.0", "@liff/server-api": "2.30.0", "@liff/use": "2.30.0" }, "peerDependencies": { "tslib": "^2.3.0" } }, "sha512-glAKP0ADruyMqMmKBYePeqyc8PwTh3PPAaPLPj49+cWCcDWpBZs0M4lS98HCnalzrVyhN1ddt04j4BlX7Twm3w=="],

    "@liff/get-version": ["@liff/get-version@2.30.0", "", { "dependencies": { "@liff/use": "2.30.0" }, "peerDependencies": { "tslib": "^2.3.0" } }, "sha512-1U90SfnIEWGZVgV/T6GggLlgVK0XrsXPJx7fO7McuqhRf60MMY9Hy249exfiME96ndSxxu1ne179FeSECziMmg=="],

    "@liff/hooks": ["@liff/hooks@2.30.0", "", { "peerDependencies": { "tslib": "^2.3.0" } }, "sha512-ZkiSOxu3v2mRLUaxyE4hxfrofk/xGmCAm+nxrIw5Ot9luhyBI3IYEX6gTa/BeqjdqsbfcFz8TwdFNuHP3zwByA=="],

    "@liff/i18n": ["@liff/i18n@2.30.0", "", { "dependencies": { "@liff/consts": "2.30.0", "@liff/logger": "2.30.0", "@liff/server-api": "2.30.0", "@liff/use": "2.30.0", "@liff/util": "2.30.0" }, "peerDependencies": { "tslib": "^2.3.0" } }, "sha512-hPxojgnTI0mNmELXc09kXrY/VJnkZzI8+9o/c6XgDUXNHdsEYJ7ld2uX4x0+qqQtGVcn4Mq4k+4JzPNW5j8KPw=="],

    "@liff/iap": ["@liff/iap@2.30.0", "", { "dependencies": { "@liff/consts": "2.30.0", "@liff/is-api-available": "2.30.0", "@liff/native-bridge": "2.30.0", "@liff/store": "2.30.0", "@liff/use": "2.30.0", "@liff/util": "2.30.0" }, "peerDependencies": { "tslib": "^2.3.0" } }, "sha512-xPs1hiFk1WmQXnHB1FCKa5YaFaK9k6A8oIvB00D7u35e7D7M9TQxlBriALCesEdjMR4mghc3FAPW6iin7LVyeA=="],

    "@liff/init": ["@liff/init@2.30.0", "", { "dependencies": { "@liff/check-availability": "2.30.0", "@liff/close-window": "2.30.0", "@liff/consts": "2.30.0", "@liff/extensions": "2.30.0", "@liff/get-line-version": "2.30.0", "@liff/get-os": "2.30.0", "@liff/hooks": "2.30.0", "@liff/i18n": "2.30.0", "@liff/is-api-available": "2.30.0", "@liff/is-in-client": "2.30.0", "@liff/is-logged-in": "2.30.0", "@liff/is-sub-window": "2.30.0", "@liff/logger": "2.30.0", "@liff/login": "2.30.0", "@liff/logout": "2.30.0", "@liff/message-bus": "2.30.0", "@liff/native-bridge": "2.30.0", "@liff/permanent-link": "2.30.0", "@liff/ready": "2.30.0", "@liff/server-api": "2.30.0", "@liff/store": "2.30.0", "@liff/sub-window": "2.30.0", "@liff/types": "2.30.0", "@liff/use": "2.30.0", "@liff/util": "2.30.0", "@liff/verify-id-token": "2.30.0" }, "peerDependencies": { "tslib": "^2.3.0" } }, "sha512-49irD/0GWelmeXBKgbaMsRZb07qsdhS8GPX9dmZFaHB2pCNOm3aSv6OYNVM87tsdYLI1pXawAHezYj7V9zvzmg=="],

    "@liff/is-api-available": ["@liff/is-api-available@2.30.0", "", { "dependencies": { "@liff/consts": "2.30.0", "@liff/get-line-version": "2.30.0", "@liff/get-os": "2.30.0", "@liff/is-in-client": "2.30.0", "@liff/is-logged-in": "2.30.0", "@liff/is-sub-window": "2.30.0", "@liff/store": "2.30.0", "@liff/use": "2.30.0", "@liff/util": "2.30.0" }, "peerDependencies": { "tslib": "^2.3.0" } }, "sha512-zXBSPIuOI40DNV8oGWP1g47IY+VwU2LJEUtHEkHUoEzp1CENrwdOrEeAAKTpa3p1DUAZqf+lZEEkEJTEcfD86Q=="],

    "@liff/is-in-client": ["@liff/is-in-client@2.30.0", "", { "dependencies": { "@liff/consts": "2.30.0", "@liff/use": "2.30.0", "@liff/util": "2.30.0" }, "peerDependencies": { "tslib": "^2.3.0" } }, "sha512-/dDitiORUK9ZuUMCs8VL8i3sOlfbzSbUDzsOOXw5sHj5XnJ45mnRCLHE9dFjdLAdA/fGi6Vn/drhkLm/iRB6lw=="],

    "@liff/is-logged-in": ["@liff/is-logged-in@2.30.0", "", { "dependencies": { "@liff/store": "2.30.0", "@liff/use": "2.30.0" }, "peerDependencies": { "tslib": "^2.3.0" } }, "sha512-226fXD2XgEGbVCNu8X+vQX9mJWWhPArR+oZq+xM4B0IpmxUYe+tY5Mj/2jlpjXnmD/oqqcG1d9PsWYmDuBkwcg=="],

    "@liff/is-sub-window": ["@liff/is-sub-window@2.30.0", "", { "dependencies": { "@liff/consts": "2.30.0", "@liff/is-in-client": "2.30.0", "@liff/store": "2.30.0", "@liff/use": "2.30.0", "@liff/util": "2.30.0" }, "peerDependencies": { "tslib": "^2.3.0" } }, "sha512-LodgPmjxBFFuzS0GjBrZ9zF6QIHUCUpDDfVSIqLBaqcqjzr2FzPnfWiklltiYZQ+Raa6QaQ99c+RYF30lwqUCg=="],

    "@liff/liff-types": ["@liff/liff-types@2.30.0", "", { "dependencies": { "@liff/activity": "2.30.0", "@liff/analytics": "2.30.0", "@liff/calendar": "2.30.0", "@liff/close-window": "2.30.0", "@liff/create-shortcut-on-home-screen": "2.30.0", "@liff/get-app-language": "2.30.0", "@liff/get-friendship": "2.30.0", "@liff/get-language": "2.30.0", "@liff/get-line-version": "2.30.0", "@liff/get-origins": "2.30.0", "@liff/get-os": "2.30.0", "@liff/get-profile": "2.30.0", "@liff/get-version": "2.30.0", "@liff/i18n": "2.30.0", "@liff/iap": "2.30.0", "@liff/init": "2.30.0", "@liff/is-api-available": "2.30.0", "@liff/is-in-client": "2.30.0", "@liff/is-logged-in": "2.30.0", "@liff/is-sub-window": "2.30.0", "@liff/login": "2.30.0", "@liff/logout": "2.30.0", "@liff/native-bridge": "2.30.0", "@liff/open-window": "2.30.0", "@liff/permanent-link": "2.30.0", "@liff/permission": "2.30.0", "@liff/ready": "2.30.0", "@liff/request-friendship": "2.30.0", "@liff/scan-code-v2": "2.30.0", "@liff/send-messages": "2.30.0", "@liff/share-target-picker": "2.30.0", "@liff/store": "2.30.0", "@liff/sub-window": "2.30.0", "@liff/use": "2.30.0" }, "peerDependencies": { "tslib": "^2.3.0" } }, "sha512-np55EqG0wla0NDLL56xEIE54mHe24pSbCUI8vXzb39xi1uGfr2e9yzpUjJ3M0J2irqz/NPPoeOQXPx93nheJCw=="],

    "@liff/logger": ["@liff/logger@2.30.0", "", { "peerDependencies": { "tslib": "^2.3.0" } }, "sha512-rmjtmVAj613Yr/OxONK4bF696sQdvl5/pGiBBb8f5/I7T3u2sQu9vgpW7NO1CCbcUd9e5IRCnkiDZqI2PFT2pg=="],

    "@liff/login": ["@liff/login@2.30.0", "", { "dependencies": { "@liff/consts": "2.30.0", "@liff/get-version": "2.30.0", "@liff/hooks": "2.30.0", "@liff/is-in-client": "2.30.0", "@liff/is-sub-window": "2.30.0", "@liff/logger": "2.30.0", "@liff/server-api": "2.30.0", "@liff/store": "2.30.0", "@liff/sub-window": "2.30.0", "@liff/use": "2.30.0", "@liff/util": "2.30.0", "tiny-sha256": "^1.0.2" }, "peerDependencies": { "tslib": "^2.3.0" } }, "sha512-1cebIYKt8CPHh77J2GdLcg/Phn8oCDZJQp5A0IFgtYmTZ5ZYEmS9toaBLQ2EEYLWkTcy3LlqasRpTMuXQo894g=="],

    "@liff/logout": ["@liff/logout@2.30.0", "", { "dependencies": { "@liff/store": "2.30.0", "@liff/use": "2.30.0" }, "peerDependencies": { "tslib": "^2.3.0" } }, "sha512-Yv7mSYdnEWuFAQGe4uoAfZ4ogj02PmfR6c9ax3fHQwo8u/7MgU/Q4Fg4Qt49on4axql5wfsNZ7dLfY308TKLBg=="],

    "@liff/message-bus": ["@liff/message-bus@2.30.0", "", { "dependencies": { "@liff/consts": "2.30.0", "@liff/store": "2.30.0", "@liff/util": "2.30.0" }, "peerDependencies": { "tslib": "^2.3.0" } }, "sha512-hDo2HAqG8WN8/uDrNPTmWu2fJao1BJQKy5LgO0O7LDlV/Y3oLO9JpYmiGFoyhALVndH7aPopS18K1e5/iHdeAg=="],

    "@liff/native-bridge": ["@liff/native-bridge@2.30.0", "", { "dependencies": { "@liff/consts": "2.30.0", "@liff/logger": "2.30.0", "@liff/store": "2.30.0", "@liff/types": "2.30.0", "@liff/util": "2.30.0" }, "peerDependencies": { "tslib": "^2.3.0" } }, "sha512-UCl+/5gLFp8wy2AYePA63MKjp3eQUPobFKRN9YWMo6B2TrAfhR6qtIl1N2eCpka1BXc1fhuRFe5y4YaMfZU+nQ=="],

    "@liff/open-window": ["@liff/open-window@2.30.0", "", { "dependencies": { "@liff/consts": "2.30.0", "@liff/get-line-version": "2.30.0", "@liff/get-os": "2.30.0", "@liff/is-in-client": "2.30.0", "@liff/native-bridge": "2.30.0", "@liff/types": "2.30.0", "@liff/use": "2.30.0", "@liff/util": "2.30.0" }, "peerDependencies": { "tslib": "^2.3.0" } }, "sha512-Mn+L+Cw2InzvdRD0c2ji/lEfmR/Wa4bi25m5GNHtfsViMhPnJ0gAUvlUhHokvqUVLwRd3uCvUkZk8beM46vusQ=="],

    "@liff/permanent-link": ["@liff/permanent-link@2.30.0", "", { "dependencies": { "@liff/consts": "2.30.0", "@liff/server-api": "2.30.0", "@liff/store": "2.30.0", "@liff/use": "2.30.0", "@liff/util": "2.30.0" }, "peerDependencies": { "tslib": "^2.3.0" } }, "sha512-+5Mdssjigu0N5alK701Eie8pKRFI9M65g16ntvxLVlFgSvOqrh0UTdj80s+OmMZAMmX1H26qUjGq3ag+GryBIg=="],

    "@liff/permission": ["@liff/permission@2.30.0", "", { "dependencies": { "@liff/consts": "2.30.0", "@liff/is-api-available": "2.30.0", "@liff/is-in-client": "2.30.0", "@liff/server-api": "2.30.0", "@liff/store": "2.30.0", "@liff/sub-window": "2.30.0", "@liff/use": "2.30.0", "@liff/util": "2.30.0", "@liff/verify-id-token": "2.30.0" }, "peerDependencies": { "tslib": "^2.3.0" } }, "sha512-6jxKXlg+VWppfvE/qs/fWn1cja2CIMZDLQ8NFeLH8eZUW2EK/qEXe2hrnY2SwvEYbxLb2nvpksaFJ74HgDMz5g=="],

    "@liff/ready": ["@liff/ready@2.30.0", "", { "peerDependencies": { "tslib": "^2.3.0" } }, "sha512-oDhMmPc0Q50ai1W40mRJNLtrxG/hO8Gv7J1uG+F1hoKN/YLarXRb3do5bCR93bBZ5t9bDaB/Qn37V1JPved5Gw=="],

    "@liff/request-friendship": ["@liff/request-friendship@2.30.0", "", { "dependencies": { "@liff/consts": "2.30.0", "@liff/is-api-available": "2.30.0", "@liff/server-api": "2.30.0", "@liff/store": "2.30.0", "@liff/sub-window": "2.30.0", "@liff/use": "2.30.0", "@liff/util": "2.30.0" }, "peerDependencies": { "tslib": "^2.3.0" } }, "sha512-ch8vTR0WENZl+1NCZ7ftqvnAFEMhzG3PPbc3lrvNBu4F1KlD65D3jZ0YlIrMJnGtcD3nSFAikCfAI9JgqFG1eQ=="],

    "@liff/scan-code": ["@liff/scan-code@2.30.0", "", { "dependencies": { "@liff/types": "2.30.0" }, "peerDependencies": { "tslib": "^2.3.0" } }, "sha512-o/da0ePpjYojCWzczzthD59vJx3RCGMmnNX7/eITSDWjxhVDbVSw16nDGFMG5yzy64Zc+NF5/Nm22MW9sGm/dA=="],

    "@liff/scan-code-v2": ["@liff/scan-code-v2@2.30.0", "", { "dependencies": { "@liff/consts": "2.30.0", "@liff/is-api-available": "2.30.0", "@liff/sub-window": "2.30.0", "@liff/use": "2.30.0", "@liff/util": "2.30.0" }, "peerDependencies": { "tslib": "^2.3.0" } }, "sha512-XN14FpsnzQUdxkZ5h7afoIUDtGBGuXwEV7vYynPTLNMLDi9aWFH7ptoTk/X1uhbDgqQU4YRnvh+azMnXGK8Msg=="],

    "@liff/send-messages": ["@liff/send-messages@2.30.0", "", { "dependencies": { "@liff/consts": "2.30.0", "@liff/get-line-version": "2.30.0", "@liff/get-os": "2.30.0", "@liff/permission": "2.30.0", "@liff/server-api": "2.30.0", "@liff/use": "2.30.0", "@liff/util": "2.30.0", "@line/bot-sdk": "^10.0.0" }, "peerDependencies": { "tslib": "^2.3.0" } }, "sha512-VHHyykl01F7mepRswhi1oIGIkZNpqUG8AaRMmS670WIX+CGKNwk2o5LrLLqolxZ9t5xXFVzO7gWm4YVIXtwP9w=="],

    "@liff/server-api": ["@liff/server-api@2.30.0", "", { "dependencies": { "@liff/consts": "2.30.0", "@liff/store": "2.30.0", "@liff/util": "2.30.0" }, "peerDependencies": { "tslib": "^2.3.0" } }, "sha512-mCFNe9qQ84kGREXArQRMGVoQT6MDEG4ILjRb1Efkqla5nXhQVDQSXHhBXjZ8fS1nYCZ9KDYWaaDstriLQdi7QA=="],

    "@liff/share-target-picker": ["@liff/share-target-picker@2.30.0", "", { "dependencies": { "@liff/analytics": "2.30.0", "@liff/consts": "2.30.0", "@liff/get-line-version": "2.30.0", "@liff/get-os": "2.30.0", "@liff/is-api-available": "2.30.0", "@liff/is-in-client": "2.30.0", "@liff/is-logged-in": "2.30.0", "@liff/is-sub-window": "2.30.0", "@liff/logger": "2.30.0", "@liff/send-messages": "2.30.0", "@liff/server-api": "2.30.0", "@liff/store": "2.30.0", "@liff/types": "2.30.0", "@liff/use": "2.30.0", "@liff/util": "2.30.0", "@liff/window-postmessage": "2.30.0" }, "peerDependencies": { "tslib": "^2.3.0" } }, "sha512-kzzSI0nSP89bmVxpYQF3gSA80sTJBPtDn7OHFAvxo4gXbMsQpWnh12D+zG1WqKB+tR7QYHM/HLy+u9LTc3AxKA=="],

    "@liff/store": ["@liff/store@2.30.0", "", { "dependencies": { "@liff/consts": "2.30.0", "@liff/is-in-client": "2.30.0", "@liff/types": "2.30.0", "@liff/use": "2.30.0", "@liff/util": "2.30.0" }, "peerDependencies": { "tslib": "^2.3.0" } }, "sha512-lSCHpDckEIMWE6l0Wi80YTL+Hh2gwjUp9aPRbYPxLiS9Sf80BEDyKrpUEfV1QSyZeWLOyIW60RBy5nSsMGzZ7g=="],

    "@liff/sub-window": ["@liff/sub-window@2.30.0", "", { "dependencies": { "@liff/close-window": "2.30.0", "@liff/consts": "2.30.0", "@liff/get-os": "2.30.0", "@liff/is-api-available": "2.30.0", "@liff/is-in-client": "2.30.0", "@liff/is-sub-window": "2.30.0", "@liff/logger": "2.30.0", "@liff/message-bus": "2.30.0", "@liff/server-api": "2.30.0", "@liff/store": "2.30.0", "@liff/use": "2.30.0", "@liff/util": "2.30.0" }, "peerDependencies": { "tslib": "^2.3.0" } }, "sha512-CRr2/fRYRLMa/umylFDAoGuDzaa+tBWAFyjFVhxMRxO2fj+Mst0SADjhjCdUQAZ9PbunRXd2RXWRiqRDp/RRqg=="],

    "@liff/types": ["@liff/types@2.30.0", "", {}, "sha512-39p+c3HcbRkHlSklPgj/0jgCPfqXxRdZo1d6kY4X74kTKhjyQ2nIMmFPiByt70ZuGSZoVcYoHpeaCl/hsPIgdQ=="],

    "@liff/use": ["@liff/use@2.30.0", "", { "dependencies": { "@liff/hooks": "2.30.0", "@liff/logger": "2.30.0" }, "peerDependencies": { "tslib": "^2.3.0" } }, "sha512-WBFpLcEmE6WmhNmUpSDLFCbiaZFnIsbVDuFQk7KKljss8wP4XAFiKt8hKUaSUWZcF5QZpUAssq4JDunMmradKw=="],

    "@liff/util": ["@liff/util@2.30.0", "", { "dependencies": { "@liff/consts": "2.30.0", "@liff/logger": "2.30.0" }, "peerDependencies": { "tslib": "^2.3.0" } }, "sha512-z0cC94MBDxuFAz+J4ybGx5PJLEqUzmpcYGt+Mk0mAhTvdJIBWpcyx2/VGZYDKTdXOKS9vz1u+iM3A0zGBk4lBg=="],

    "@liff/verify-id-token": ["@liff/verify-id-token@2.30.0", "", { "dependencies": { "@liff/consts": "2.30.0", "@liff/server-api": "2.30.0", "@liff/util": "2.30.0" }, "peerDependencies": { "tslib": "^2.3.0" } }, "sha512-lUFwxRVMUhi79FyMO7bprKJRFgfNUxOlVbOds3N+DaVPctu8qpAraNI7YlteQuqBoeVXGu4uZ4I+MCJi7zA7gA=="],

    "@liff/window-postmessage": ["@liff/window-postmessage@2.30.0", "", { "dependencies": { "@liff/consts": "2.30.0", "@liff/logger": "2.30.0", "@liff/util": "2.30.0" }, "peerDependencies": { "tslib": "^2.3.0" } }, "sha512-tOjy8WX7+sUo1NtGcaaNzSCvSzYI51zESTIDK9GN9lHSYvOBi420kFPhfiZ9DexOTcIndCg3Vw7WYRO18x0DSQ=="],

    "@line/bot-sdk": ["@line/bot-sdk@10.8.0", "", { "dependencies": { "@types/node": "^24.0.0" }, "optionalDependencies": { "axios": "^1.7.4" } }, "sha512-1Mdpw/WPS3QP6fGiwPRTL27k8MgmMe7rVKCKsItP/kPzogX7a/X1ipQqk/F6RkorP9DNyJIx590hnVUkfBQf3w=="],

    "@line/liff": ["@line/liff@2.30.0", "", { "dependencies": { "@liff/activity": "2.30.0", "@liff/analytics": "2.30.0", "@liff/calendar": "2.30.0", "@liff/close-window": "2.30.0", "@liff/consts": "2.30.0", "@liff/core": "2.30.0", "@liff/create-shortcut-on-home-screen": "2.30.0", "@liff/extensions": "2.30.0", "@liff/get-app-language": "2.30.0", "@liff/get-friendship": "2.30.0", "@liff/get-language": "2.30.0", "@liff/get-line-version": "2.30.0", "@liff/get-origins": "2.30.0", "@liff/get-os": "2.30.0", "@liff/get-profile": "2.30.0", "@liff/get-version": "2.30.0", "@liff/hooks": "2.30.0", "@liff/i18n": "2.30.0", "@liff/iap": "2.30.0", "@liff/init": "2.30.0", "@liff/is-api-available": "2.30.0", "@liff/is-in-client": "2.30.0", "@liff/is-logged-in": "2.30.0", "@liff/is-sub-window": "2.30.0", "@liff/liff-types": "2.30.0", "@liff/login": "2.30.0", "@liff/logout": "2.30.0", "@liff/native-bridge": "2.30.0", "@liff/open-window": "2.30.0", "@liff/permanent-link": "2.30.0", "@liff/permission": "2.30.0", "@liff/ready": "2.30.0", "@liff/request-friendship": "2.30.0", "@liff/scan-code-v2": "2.30.0", "@liff/send-messages": "2.30.0", "@liff/server-api": "2.30.0", "@liff/share-target-picker": "2.30.0", "@liff/store": "2.30.0", "@liff/sub-window": "2.30.0", "@liff/use": "2.30.0", "@liff/util": "2.30.0", "tslib": "^2.3.0", "whatwg-fetch": "^3.0.0" } }, "sha512-vxC6x7bRaM8E0fU3erdATbxsT/v066kJ9ck466aWYyQlkAw43oni6jUI+lToJgBrw9iQw8sVtou+MiRdqNiRiA=="],

    "@oxc-project/types": ["@oxc-project/types@0.146.0", "", {}, "sha512-XC0QsnnhVe7sLIWmYmdPw7x5P0h4W8vUU3Nv1ySgWXtvCz8NizoAEpGXA0sOYoJQV2Rl13LgURAHQ5cI5ILCSA=="],

    "@oxlint/binding-android-arm-eabi": ["@oxlint/binding-android-arm-eabi@1.79.0", "", { "os": "android", "cpu": "arm" }, "sha512-TebFaaMklO/RXzTv7PucaCq9l3X6D1gA+C8H6K4njtjFOV+zWE9MKLpulcJZN9bzytbUbQIY0mZuz12nQ5Kv4Q=="],

    "@oxlint/binding-android-arm64": ["@oxlint/binding-android-arm64@1.79.0", "", { "os": "android", "cpu": "arm64" }, "sha512-KqqnOtAVgNsPPF0YSodkFZA1O80jcKoCZCTu3bgsszxA+MrMP9TLzfXitKjEj1FmrPprKDMdRDMmY3weESO9sg=="],

    "@oxlint/binding-darwin-arm64": ["@oxlint/binding-darwin-arm64@1.79.0", "", { "os": "darwin", "cpu": "arm64" }, "sha512-BVC2nsMzqQzRDPc5RhixkZ+m1p7iH4bxRRvqkbwDXX0PlQKm1BPy8J8cRjnAFafOq2QzI+BfO3vE8w2GZ3CBag=="],

    "@oxlint/binding-darwin-x64": ["@oxlint/binding-darwin-x64@1.79.0", "", { "os": "darwin", "cpu": "x64" }, "sha512-p6Lm+snmhGuLKL1+CpCV8L6ijkE/qJzK2H2jG9+eKJT0n31RbY4FLsdhexekgP3bLpw4Kgde+9DZuDZQ4yIInA=="],

    "@oxlint/binding-freebsd-x64": ["@oxlint/binding-freebsd-x64@1.79.0", "", { "os": "freebsd", "cpu": "x64" }, "sha512-qDMm0dXZnoHyRqSL4N4xUq82T4sqK5cbKSjvd/dF/YbMUXc2R1wEPf+vmA5S0qUmi0nwXfNbjXBtZaIqzQLIMg=="],

    "@oxlint/binding-linux-arm-gnueabihf": ["@oxlint/binding-linux-arm-gnueabihf@1.79.0", "", { "os": "linux", "cpu": "arm" }, "sha512-2od7s0nuKPzqyUZAWk9KkCyGg7eI9dwFPZg+20lB15fKFkVZ0c9ZFxqPfiBAyDTlTkh9stPI0t+JlPCqMbItVA=="],

    "@oxlint/binding-linux-arm-musleabihf": ["@oxlint/binding-linux-arm-musleabihf@1.79.0", "", { "os": "linux", "cpu": "arm" }, "sha512-ZOQUjkzDnvlhSE3+tWC3YXx94MMl+sYMlwH+u1+YGApGHOJP/YAc8ZBRFOXZ6eOBmxtXAWuS/fBcdZr8qqNO1A=="],

    "@oxlint/binding-linux-arm64-gnu": ["@oxlint/binding-linux-arm64-gnu@1.79.0", "", { "os": "linux", "cpu": "arm64" }, "sha512-lu158FR4nGqGeRS3BQvtG85wRgU/Fy4MD5Cxp1hzJXizGiLo6u2742wJSCDKh8cFcZntvX7fcxlq4mMmfryH1g=="],

    "@oxlint/binding-linux-arm64-musl": ["@oxlint/binding-linux-arm64-musl@1.79.0", "", { "os": "linux", "cpu": "arm64" }, "sha512-mbpKQeE2aflTjddaHK7MP8KP/OFbUM++lt5M635ENM8IyIdK0jm2t9pb+2v9mVVIvhF6TqA4l7F79Pll1mi+uw=="],

    "@oxlint/binding-linux-ppc64-gnu": ["@oxlint/binding-linux-ppc64-gnu@1.79.0", "", { "os": "linux", "cpu": "ppc64" }, "sha512-WpGNua7gaxaHnpSDeog2ji8IDHn/QLPl9LPzwkR/FvVv58vT5BcXjRXnU+wbu3N75cpeha8CdC7ho/U2OIsB4g=="],

    "@oxlint/binding-linux-riscv64-gnu": ["@oxlint/binding-linux-riscv64-gnu@1.79.0", "", { "os": "linux", "cpu": "none" }, "sha512-tK1E93A5LVzISg4ngpKJnfTs7EqtIUceGI7MQ4GyDjJiLi8wPCkEyKlj2xkyKWZ1yzkDJyLHTBJ5/iFWRdnJvg=="],

    "@oxlint/binding-linux-riscv64-musl": ["@oxlint/binding-linux-riscv64-musl@1.79.0", "", { "os": "linux", "cpu": "none" }, "sha512-qhQvUIrngXivA2A9pQ+xPCychztn/5qUv7yS3gDwXv3w7Rag+eTeeXWmRyx+t7XsW5x6LuY/8AsTq36UgFIblg=="],

    "@oxlint/binding-linux-s390x-gnu": ["@oxlint/binding-linux-s390x-gnu@1.79.0", "", { "os": "linux", "cpu": "s390x" }, "sha512-sv6AaVgU/eE6u+6WFiQVDcPPwTxP6IJMSB9k701W2r/r6Tx465e8vPvVyRxquNH4Vy6KwRNu90mVbxXJN8+5gg=="],

    "@oxlint/binding-linux-x64-gnu": ["@oxlint/binding-linux-x64-gnu@1.79.0", "", { "os": "linux", "cpu": "x64" }, "sha512-iFZL02deziHslb3jEX9KdqlAkYoo4fGyotchKDzdfK1f5mxlIBeiQeHhvK3iFpuEJSB4ma/qeFn9oxPiwnhUPQ=="],

    "@oxlint/binding-linux-x64-musl": ["@oxlint/binding-linux-x64-musl@1.79.0", "", { "os": "linux", "cpu": "x64" }, "sha512-3DtZR2raqObnh7wXZoFYFd0Fw7skBvcb3f7A+/lkEiDuh8hrE6vv9b/62Qxao1a9/OeHLw/FcXlXzgsW9wTRFg=="],

    "@oxlint/binding-openharmony-arm64": ["@oxlint/binding-openharmony-arm64@1.79.0", "", { "os": "none", "cpu": "arm64" }, "sha512-Oatt4GuA1WJkqzk2ozx4HrWROOi7opV3AKDw/U8qDIqeTqzsjn5K2x3REJMNjU3/KU/Bkq96Zi3CknaiDTaC/Q=="],

    "@oxlint/binding-win32-arm64-msvc": ["@oxlint/binding-win32-arm64-msvc@1.79.0", "", { "os": "win32", "cpu": "arm64" }, "sha512-NAgZr9Qp8nIA9rpo0JEvwiabTF/2UVqBNnupBG9X4kxXcQoScJUTi+qHhvabb9s/thgj5wQ4XcIaJvb+ZMgoKw=="],

    "@oxlint/binding-win32-ia32-msvc": ["@oxlint/binding-win32-ia32-msvc@1.79.0", "", { "os": "win32", "cpu": "ia32" }, "sha512-+KyXjIvcpaXmWW/j9NNY5yWjrIVxaX18VyIheQy3jwc2GSYgpCr7MGI/HxIGQ/shAL5IWEKbhsqoMpAO5Stiog=="],

    "@oxlint/binding-win32-x64-msvc": ["@oxlint/binding-win32-x64-msvc@1.79.0", "", { "os": "win32", "cpu": "x64" }, "sha512-mEelcCMMBS57sIXh2veGMNy+pQwuGtcMxHxGIZWQ5Ba9pJ5jCCUFOZB9E2JhBaxGsURe+WGe0zJp4RVre52gpQ=="],

    "@rolldown/binding-android-arm-eabi": ["@rolldown/binding-android-arm-eabi@1.2.5", "", { "os": "android", "cpu": "arm" }, "sha512-DLe/i+l8ynIBY7XEQ191TeZvCoowIGa18R+dIV30GW7DiOtp74i/xX8hs8GUjW5ARV7VZuie3d6AumSmCwbeRA=="],

    "@rolldown/binding-android-arm64": ["@rolldown/binding-android-arm64@1.2.5", "", { "os": "android", "cpu": "arm64" }, "sha512-zXcwKlQApYAOELHd8PwKDFkagYF9Wy4e0RJ+0qnzl9Pjnpj75TEG8ufv40p2J7kCEfwZAsNiuzRIyNNMWT38ig=="],

    "@rolldown/binding-darwin-arm64": ["@rolldown/binding-darwin-arm64@1.2.5", "", { "os": "darwin", "cpu": "arm64" }, "sha512-dK4QakI42nzWgJT5sm4y4y/O//D4OxM75/cH28RLV+nzIN9AY+YsbuUVrUTjlLjXR6vpyxFbSsbmNuJ6BP9sww=="],

    "@rolldown/binding-darwin-x64": ["@rolldown/binding-darwin-x64@1.2.5", "", { "os": "darwin", "cpu": "x64" }, "sha512-fqSALaUu1Wjd1nK2uW2kJDWdLCc8lx1IcY+MTY26Aurfdx19anlzhqXOgCFbBFQnlFDTn4TC1/7Nz4Bl2mLP3A=="],

    "@rolldown/binding-freebsd-x64": ["@rolldown/binding-freebsd-x64@1.2.5", "", { "os": "freebsd", "cpu": "x64" }, "sha512-/vCnNxlkxs9tKxNDcyWUePpJ/PgTzxIaVhoM5SmG8UV+GR/IcPam4VYxi7GIMo7PSDuNqlJqvprqii9NqqVCMw=="],

    "@rolldown/binding-linux-arm-gnueabihf": ["@rolldown/binding-linux-arm-gnueabihf@1.2.5", "", { "os": "linux", "cpu": "arm" }, "sha512-abk0NLA519LxRCszmbE0jYKuQ9YPocOXTiOXOo6Yr+YAT95VH+PtqYAjOJvGKt3viEd/x4qzabAlwd5bHOOARg=="],

    "@rolldown/binding-linux-arm64-gnu": ["@rolldown/binding-linux-arm64-gnu@1.2.5", "", { "os": "linux", "cpu": "arm64" }, "sha512-Y7eALiJ8lr0M2HH103Js+g7V34wf6snlpZLAsHI90uLhr3PVlNsbFVAXJC9d/V6BnPyKtpSwI+NcB/RLxsQxuA=="],

    "@rolldown/binding-linux-arm64-musl": ["@rolldown/binding-linux-arm64-musl@1.2.5", "", { "os": "linux", "cpu": "arm64" }, "sha512-xMvZgnbZg4YVnR/AX2b3oOPDTFYJvUVaJg5FedA/LuvexAtXibZQej4cnTkw3rjsJ/ggUROB64TdtETiim+FYA=="],

    "@rolldown/binding-linux-ppc64-gnu": ["@rolldown/binding-linux-ppc64-gnu@1.2.5", "", { "os": "linux", "cpu": "ppc64" }, "sha512-GRjeqTUDHTo5GwntsLaAMcBahG3nlpjftXWZLN73HiYQlhwEowvarFgQnRnQZtIp4keXX7quXFbG38uPZBa2EA=="],

    "@rolldown/binding-linux-s390x-gnu": ["@rolldown/binding-linux-s390x-gnu@1.2.5", "", { "os": "linux", "cpu": "s390x" }, "sha512-vLNTR45F2Uwc8AufkNXPmB4VliaXs+FvcheEogIzOXzO4l+LzieXF5A/TWxLy5HtqpsRCHUfd0lPVrrdgXdLHQ=="],

    "@rolldown/binding-linux-x64-gnu": ["@rolldown/binding-linux-x64-gnu@1.2.5", "", { "os": "linux", "cpu": "x64" }, "sha512-Mgj59/HTuYeK9Gz2MA+mBWKnHsAgkBSec15ZMb1st3oIfFbX7gCjOae7GydHhzcyQi9Z/7M1QuN9bR3oFqF0jQ=="],

    "@rolldown/binding-linux-x64-musl": ["@rolldown/binding-linux-x64-musl@1.2.5", "", { "os": "linux", "cpu": "x64" }, "sha512-mY8AP0/ichsbhAxGnLa3d3+MwV0EfgrPND2bplI3Ym8T6R2pJ0N87bvrKVwNXmdy3jnr6eQBecdqx/HMknBmpA=="],

    "@rolldown/binding-openharmony-arm64": ["@rolldown/binding-openharmony-arm64@1.2.5", "", { "os": "none", "cpu": "arm64" }, "sha512-8SLssA2oweAxyRgDp789ACfRb/3P+zNRJpzZxSizxF9m8NUDQ4+3xjo8ttjhVGGw6Qxb70oZiEtIjaKikCO7Yw=="],

    "@rolldown/binding-win32-arm64-msvc": ["@rolldown/binding-win32-arm64-msvc@1.2.5", "", { "os": "win32", "cpu": "arm64" }, "sha512-vGbruD5zquhoc8D9SViXgN2FBJtNdTyQ4DtG+SWiEGlJiAzoKcZ2xp+xuXCffhubVdt0NJlTZqkeRuERy7g8Cw=="],

    "@rolldown/binding-win32-x64-msvc": ["@rolldown/binding-win32-x64-msvc@1.2.5", "", { "os": "win32", "cpu": "x64" }, "sha512-e/SXpgISz+IoqVcSSI0rx/d/he8zqLex+/rCWpnHpmVfmPIUjag9H6P7zotf0gJHwPUhQxZ/mF8tr6acebT9yw=="],

    "@rolldown/pluginutils": ["@rolldown/pluginutils@1.0.1", "", {}, "sha512-2j9bGt5Jh8hj+vPtgzPtl72j0yRxHAyumoo6TNfAjsLB04UtpSvPbPcDcBMxz7n+9CYB0c1GxQFxYRg2jimqGw=="],

    "@types/node": ["@types/node@24.13.3", "", { "dependencies": { "undici-types": "~7.18.0" } }, "sha512-Dh8vAsV36ig5wa9OX4pXvMc9D3Veibfw2wix0CUwYODLD8nkj9UsLjASr49nPg+2eKzxhBV+v7L8pXvT4e639Q=="],

    "@types/react": ["@types/react@19.2.18", "", { "dependencies": { "csstype": "^3.2.2" } }, "sha512-AnzbBERsrLKtk2XSfTbYRLjQPdy116Sty4q+T+Bp3IC4l6jNBvreVPAHmpq9qhXQM7CXZPjLVmGMw9sy+hxQ3w=="],

    "@types/react-dom": ["@types/react-dom@19.2.4", "", { "peerDependencies": { "@types/react": "^19.2.0" } }, "sha512-Bsc+QHgp+P/F02XDzNCY9jnZNCUuLki36KT7VKrTXXLdHf+vHMNZnW1rVu5DNW/rCK+fya3DATySbLM4yhtKUw=="],

    "@vitejs/plugin-react": ["@vitejs/plugin-react@6.1.0", "", { "dependencies": { "@rolldown/pluginutils": "^1.0.1" }, "peerDependencies": { "@rolldown/plugin-babel": "^0.1.7 || ^0.2.0", "babel-plugin-react-compiler": "^1.0.0", "oxc-transform-react": "^0.145.0", "vite": "^8.0.0" }, "optionalPeers": ["@rolldown/plugin-babel", "babel-plugin-react-compiler", "oxc-transform-react"] }, "sha512-qd2BzUBehkov86WFhg0JkEFEYyCLG9uPCe6qWTY/kRlss9OvJrOF2UbIWT7p+8IzZHkEu0DNGHc4HSv+JdDLsw=="],

    "agent-base": ["agent-base@6.0.2", "", { "dependencies": { "debug": "4" } }, "sha512-RZNwNclF7+MS/8bDg70amg32dyeZGZxiDuQmZxKLAlQjr3jGyLx+4Kkk58UO7D2QdgFIQCovuSuZESne6RG6XQ=="],

    "asynckit": ["asynckit@0.4.0", "", {}, "sha512-Oei9OH4tRh0YqU3GxhX79dM/mwVgvbZJaSNaRk+bshkj0S5cfHcgYakreBjrHwatXKbz+IoIdYLxrKim2MjW0Q=="],

    "axios": ["axios@1.19.0", "", { "dependencies": { "follow-redirects": "^1.16.0", "form-data": "^4.0.6", "https-proxy-agent": "^5.0.1", "proxy-from-env": "^2.1.0" } }, "sha512-ht/iuYZXEjFxLH/Hkezgd7m6JKlHHXEUSneaDz8uZe1Gj5QZtCnpyDsckvAiEnT89OEbCLmnte4R4sn7P0EKFw=="],

    "call-bind-apply-helpers": ["call-bind-apply-helpers@1.0.2", "", { "dependencies": { "es-errors": "^1.3.0", "function-bind": "^1.1.2" } }, "sha512-Sp1ablJ0ivDkSzjcaJdxEunN5/XvksFJ2sMBFfq6x0ryhQV/2b/KwFe21cMpmHtPOSij8K99/wSfoEuTObmuMQ=="],

    "combined-stream": ["combined-stream@1.0.8", "", { "dependencies": { "delayed-stream": "~1.0.0" } }, "sha512-FQN4MRfuJeHf7cBbBMJFXhKSDq+2kAArBlmRBvcvFE5BB1HZKXtSFASDhdlz9zOYwxh8lDdnvmMOe/+5cdoEdg=="],

    "csstype": ["csstype@3.2.3", "", {}, "sha512-z1HGKcYy2xA8AGQfwrn0PAy+PB7X/GSj3UVJW9qKyn43xWa+gl5nXmU4qqLMRzWVLFC8KusUX8T/0kCiOYpAIQ=="],

    "debug": ["debug@4.4.3", "", { "dependencies": { "ms": "^2.1.3" }, "peerDependencies": { "supports-color": "*" }, "optionalPeers": ["supports-color"] }, "sha512-RGwwWnwQvkVfavKVt22FGLw+xYSdzARwm0ru6DhTVA3umU5hZc28V3kO4stgYryrTlLpuvgI9GiijltAjNbcqA=="],

    "delayed-stream": ["delayed-stream@1.0.0", "", {}, "sha512-ZySD7Nf91aLB0RxL4KGrKHBXl7Eds1DAmEdcoVawXnLD7SDhpNgtuII2aAkg7a7QS41jxPSZ17p4VdGnMHk3MQ=="],

    "detect-libc": ["detect-libc@2.1.2", "", {}, "sha512-Btj2BOOO83o3WyH59e8MgXsxEQVcarkUOpEYrubB0urwnN10yQ364rsiByU11nZlqWYZm05i/of7io4mzihBtQ=="],

    "dunder-proto": ["dunder-proto@1.0.1", "", { "dependencies": { "call-bind-apply-helpers": "^1.0.1", "es-errors": "^1.3.0", "gopd": "^1.2.0" } }, "sha512-KIN/nDJBQRcXw0MLVhZE9iQHmG68qAVIBg9CqmUYjmQIhgij9U5MFvrqkUL5FbtyyzZuOeOt0zdeRe4UY7ct+A=="],

    "es-define-property": ["es-define-property@1.0.1", "", {}, "sha512-e3nRfgfUZ4rNGL232gUgX06QNyyez04KdjFrF+LTRoOXmrOgFKDg4BCdsjW8EnT69eqdYGmRpJwiPVYNrCaW3g=="],

    "es-errors": ["es-errors@1.3.0", "", {}, "sha512-Zf5H2Kxt2xjTvbJvP2ZWLEICxA6j+hAmMzIlypy4xcBg1vKVnx89Wy0GbS+kf5cwCVFFzdCFh2XSCFNULS6csw=="],

    "es-object-atoms": ["es-object-atoms@1.1.2", "", { "dependencies": { "es-errors": "^1.3.0" } }, "sha512-HWcBoN6NileqtSydK2FqHbS/LoDd2pqrnQHLyJzBj4kOp/ky2MWMN694xOfkK8/SnUsW2DH7EfyVlydKCsm1Zw=="],

    "es-set-tostringtag": ["es-set-tostringtag@2.1.0", "", { "dependencies": { "es-errors": "^1.3.0", "get-intrinsic": "^1.2.6", "has-tostringtag": "^1.0.2", "hasown": "^2.0.2" } }, "sha512-j6vWzfrGVfyXxge+O0x5sh6cvxAog0a/4Rdd2K36zCMV5eJ+/+tOAngRO8cODMNWbVRdVlmGZQL2YS3yR8bIUA=="],

    "fdir": ["fdir@6.5.0", "", { "peerDependencies": { "picomatch": "^3 || ^4" }, "optionalPeers": ["picomatch"] }, "sha512-tIbYtZbucOs0BRGqPJkshJUYdL+SDH7dVM8gjy+ERp3WAUjLEFJE+02kanyHtwjWOnwrKYBiwAmM0p4kLJAnXg=="],

    "follow-redirects": ["follow-redirects@1.16.0", "", { "peerDependencies": { "debug": "*" }, "optionalPeers": ["debug"] }, "sha512-y5rN/uOsadFT/JfYwhxRS5R7Qce+g3zG97+JrtFZlC9klX/W5hD7iiLzScI4nZqUS7DNUdhPgw4xI8W2LuXlUw=="],

    "form-data": ["form-data@4.0.6", "", { "dependencies": { "asynckit": "^0.4.0", "combined-stream": "^1.0.8", "es-set-tostringtag": "^2.1.0", "hasown": "^2.0.4", "mime-types": "^2.1.35" } }, "sha512-vKatAh4SlVfgbv+YtmhiRjhEMJsYpsG1Y2rMQtR+SVSbytsSD1YGzDIcrAJmdFec88u/+VoGmxnl+80gL1tRCQ=="],

    "fsevents": ["fsevents@2.3.3", "", { "os": "darwin" }, "sha512-5xoDfX+fL7faATnagmWPpbFtwh/R77WmMMqqHGS65C3vvB0YHrgF+B1YmZ3441tMj5n63k0212XNoJwzlhffQw=="],

    "function-bind": ["function-bind@1.1.2", "", {}, "sha512-7XHNxH7qX9xG5mIwxkhumTox/MIRNcOgDrxWsMt2pAr23WHp6MrRlN7FBSFpCpr+oVO0F744iUgR82nJMfG2SA=="],

    "get-intrinsic": ["get-intrinsic@1.3.0", "", { "dependencies": { "call-bind-apply-helpers": "^1.0.2", "es-define-property": "^1.0.1", "es-errors": "^1.3.0", "es-object-atoms": "^1.1.1", "function-bind": "^1.1.2", "get-proto": "^1.0.1", "gopd": "^1.2.0", "has-symbols": "^1.1.0", "hasown": "^2.0.2", "math-intrinsics": "^1.1.0" } }, "sha512-9fSjSaos/fRIVIp+xSJlE6lfwhES7LNtKaCBIamHsjr2na1BiABJPo0mOjjz8GJDURarmCPGqaiVg5mfjb98CQ=="],

    "get-proto": ["get-proto@1.0.1", "", { "dependencies": { "dunder-proto": "^1.0.1", "es-object-atoms": "^1.0.0" } }, "sha512-sTSfBjoXBp89JvIKIefqw7U2CCebsc74kiY6awiGogKtoSGbgjYE/G/+l9sF3MWFPNc9IcoOC4ODfKHfxFmp0g=="],

    "gopd": ["gopd@1.2.0", "", {}, "sha512-ZUKRh6/kUFoAiTAtTYPZJ3hw9wNxx+BIBOijnlG9PnrJsCcSjs1wyyD6vJpaYtgnzDrKYRSqf3OO6Rfa93xsRg=="],

    "has-symbols": ["has-symbols@1.1.0", "", {}, "sha512-1cDNdwJ2Jaohmb3sg4OmKaMBwuC48sYni5HUw2DvsC8LjGTLK9h+eb1X6RyuOHe4hT0ULCW68iomhjUoKUqlPQ=="],

    "has-tostringtag": ["has-tostringtag@1.0.2", "", { "dependencies": { "has-symbols": "^1.0.3" } }, "sha512-NqADB8VjPFLM2V0VvHUewwwsw0ZWBaIdgo+ieHtK3hasLz4qeCRjYcqfB6AQrBggRKppKF8L52/VqdVsO47Dlw=="],

    "hasown": ["hasown@2.0.4", "", { "dependencies": { "function-bind": "^1.1.2" } }, "sha512-T2UbfbBEF32wiepXIsMlTW9+dDYC6wMh/t/vYA4tuOMKqWz/n3vr1NFSxQiyP+zk2mXsoMA/i/7qV6LKut1t1A=="],

    "https-proxy-agent": ["https-proxy-agent@5.0.1", "", { "dependencies": { "agent-base": "6", "debug": "4" } }, "sha512-dFcAjpTQFgoLMzC2VwU+C/CbS7uRL0lWmxDITmqm7C+7F0Odmj6s9l6alZc6AELXhrnggM2CeWSXHGOdX2YtwA=="],

    "lightningcss": ["lightningcss@1.33.0", "", { "dependencies": { "detect-libc": "^2.0.3" }, "optionalDependencies": { "lightningcss-android-arm64": "1.33.0", "lightningcss-darwin-arm64": "1.33.0", "lightningcss-darwin-x64": "1.33.0", "lightningcss-freebsd-x64": "1.33.0", "lightningcss-linux-arm-gnueabihf": "1.33.0", "lightningcss-linux-arm64-gnu": "1.33.0", "lightningcss-linux-arm64-musl": "1.33.0", "lightningcss-linux-x64-gnu": "1.33.0", "lightningcss-linux-x64-musl": "1.33.0", "lightningcss-win32-arm64-msvc": "1.33.0", "lightningcss-win32-x64-msvc": "1.33.0" } }, "sha512-WkUDrojuJs0xkgGf2udWxa3yGBRxPtxUkB79i6aCZLRgc7PM8fZe9TosfPDcvEpQZbuFASnHYmRLBLUbmLOIIA=="],

    "lightningcss-android-arm64": ["lightningcss-android-arm64@1.33.0", "", { "os": "android", "cpu": "arm64" }, "sha512-gEpRTalKdosp4Bb8qWtc2iOgE5SeIHlpS1up9bFq2wAyYhl1UdTObYiHe98zEM9SQvSoqQZ1IQD0JNpg3Ml5pg=="],

    "lightningcss-darwin-arm64": ["lightningcss-darwin-arm64@1.33.0", "", { "os": "darwin", "cpu": "arm64" }, "sha512-Sciaz8eenNTKn9b3t7+xr0ipTp9YxKQY4npwQ3mrRuL0BAVHBLyZxofhaKBAVtzmtRZ/zTyo0/to4B1uWG/Djg=="],

    "lightningcss-darwin-x64": ["lightningcss-darwin-x64@1.33.0", "", { "os": "darwin", "cpu": "x64" }, "sha512-Z5UPAxzrjlWNNyGy6i65cJzzvgJ5D3T6wMvs+gWpY9d7qRhANrxqAp6LhxIgZhWEw18RfJTGcRxjuLIBr+m8XQ=="],

    "lightningcss-freebsd-x64": ["lightningcss-freebsd-x64@1.33.0", "", { "os": "freebsd", "cpu": "x64" }, "sha512-QQM/Ti/hQajJwCY+RiWuCZ9sdtI/XQk7nDK5vC8kkdwixezOlDgvDx7+RT+QjK6FcFT4MpsuoBnHIo/O3StRRg=="],

    "lightningcss-linux-arm-gnueabihf": ["lightningcss-linux-arm-gnueabihf@1.33.0", "", { "os": "linux", "cpu": "arm" }, "sha512-N7FVBe6iS24MlM6R/4RBTxGhQheZGs7tiQ9U32UtF75NzP5Q7xWPRqLBCKxlRQRk3rY1jCIPLzx7WzOhuUIRLQ=="],

    "lightningcss-linux-arm64-gnu": ["lightningcss-linux-arm64-gnu@1.33.0", "", { "os": "linux", "cpu": "arm64" }, "sha512-j2v/itmy4HlNxlc6voKXYgBqNi0Ng2LShg4z7GufpEgs05P+2suBVyi9I6YHq5uoVFx9ETin3eCEhLVyXGQnKg=="],

    "lightningcss-linux-arm64-musl": ["lightningcss-linux-arm64-musl@1.33.0", "", { "os": "linux", "cpu": "arm64" }, "sha512-yiO5ROMuYQgXbC60yjZU5CYSFZGKXL0HFATXt9mHJn1+zW55oCtMI9NfcVhYLMFDL7gV7oBPon/EmMMGg2OvtQ=="],

    "lightningcss-linux-x64-gnu": ["lightningcss-linux-x64-gnu@1.33.0", "", { "os": "linux", "cpu": "x64" }, "sha512-ar+Ju7LmcN0Jo4FpL4hpFybwNG9/3A/Br5KW2n2jyODg3MEZXaDYADdemoNS+BDNfMgKvylJLj4S5tyRActuAg=="],

    "lightningcss-linux-x64-musl": ["lightningcss-linux-x64-musl@1.33.0", "", { "os": "linux", "cpu": "x64" }, "sha512-RYiYbkokw0trfKqqzfF55lginwEPrD3OJDfTuJzFs1MK6iFnDenaz1fqLLtX4ITG3OktJQXOeTaw1awrBAlZPw=="],

    "lightningcss-win32-arm64-msvc": ["lightningcss-win32-arm64-msvc@1.33.0", "", { "os": "win32", "cpu": "arm64" }, "sha512-1K+MPfLSFVpphzpdbfkhlWk6wBrTObBzS2T6db10PNOZgR9GoVsAWzwNyuhUYYbTp23j+4RrncfujZ4uAzXvwA=="],

    "lightningcss-win32-x64-msvc": ["lightningcss-win32-x64-msvc@1.33.0", "", { "os": "win32", "cpu": "x64" }, "sha512-OlEICDx/Xl0FqSp4bry8zFnCvGpig3Gl4gCquvYwHuqJKEC1+n9NgDniFvqHGmMv1ZkqDJrDqKKSykTDX+ehuA=="],

    "math-intrinsics": ["math-intrinsics@1.1.0", "", {}, "sha512-/IXtbwEk5HTPyEwyKX6hGkYXxM9nbj64B+ilVJnC/R6B0pH5G4V3b0pVbL7DBj4tkhBAppbQUlf6F6Xl9LHu1g=="],

    "mime-db": ["mime-db@1.52.0", "", {}, "sha512-sPU4uV7dYlvtWJxwwxHD0PuihVNiE7TyAbQ5SWxDCB9mUYvOgroQOwYQQOKPJ8CIbE+1ETVlOoK1UC2nU3gYvg=="],

    "mime-types": ["mime-types@2.1.35", "", { "dependencies": { "mime-db": "1.52.0" } }, "sha512-ZDY+bPm5zTTF+YpCrAU9nK0UgICYPT0QtT1NZWFv4s++TNkcgVaT0g6+4R2uI4MjQjzysHB1zxuWL50hzaeXiw=="],

    "ms": ["ms@2.1.3", "", {}, "sha512-6FlzubTLZG3J2a/NVCAleEhjzq5oxgHyaCU9yYXvcLsvoVaHJq/s5xXI6/XXP6tz7R9xAOtHnSO/tXtF3WRTlA=="],

    "nanoid": ["nanoid@3.3.18", "", { "bin": { "nanoid": "bin/nanoid.cjs" } }, "sha512-DTg4MJbGMWkfi6VZFdNt2/caMbQy4Ou+Op/hJQvGEWcnVfoA1QA+xzRKAzw9jD6+GVOOeYr/mIcuDSdug6F6+w=="],

    "oxlint": ["oxlint@1.79.0", "", { "optionalDependencies": { "@oxlint/binding-android-arm-eabi": "1.79.0", "@oxlint/binding-android-arm64": "1.79.0", "@oxlint/binding-darwin-arm64": "1.79.0", "@oxlint/binding-darwin-x64": "1.79.0", "@oxlint/binding-freebsd-x64": "1.79.0", "@oxlint/binding-linux-arm-gnueabihf": "1.79.0", "@oxlint/binding-linux-arm-musleabihf": "1.79.0", "@oxlint/binding-linux-arm64-gnu": "1.79.0", "@oxlint/binding-linux-arm64-musl": "1.79.0", "@oxlint/binding-linux-ppc64-gnu": "1.79.0", "@oxlint/binding-linux-riscv64-gnu": "1.79.0", "@oxlint/binding-linux-riscv64-musl": "1.79.0", "@oxlint/binding-linux-s390x-gnu": "1.79.0", "@oxlint/binding-linux-x64-gnu": "1.79.0", "@oxlint/binding-linux-x64-musl": "1.79.0", "@oxlint/binding-openharmony-arm64": "1.79.0", "@oxlint/binding-win32-arm64-msvc": "1.79.0", "@oxlint/binding-win32-ia32-msvc": "1.79.0", "@oxlint/binding-win32-x64-msvc": "1.79.0" }, "peerDependencies": { "oxlint-tsgolint": ">=7.0.2001", "vite-plus": "*" }, "optionalPeers": ["oxlint-tsgolint", "vite-plus"], "bin": { "oxlint": "bin/oxlint" } }, "sha512-hVJ9hq9m2unPS+Of4eJJgCPdIeCC+3DHEUX3tkmrPJr3OK2hz7PhXwgC+ZP71ZcYu8cCDEtQrqLxWNvxBppBVg=="],

    "picocolors": ["picocolors@1.1.1", "", {}, "sha512-xceH2snhtb5M9liqDsmEw56le376mTZkEX/jEb/RxNFyegNul7eNslCXP9FDj/Lcu0X8KEyMceP2ntpaHrDEVA=="],

    "picomatch": ["picomatch@4.0.5", "", {}, "sha512-RvwwcruNjI1ncT5xRakeyS9Lf8lcItv34KD+aif+VH9kduAyfYBipGh12274xtenIPZ119/R9BdTBa8gAwSh0A=="],

    "postcss": ["postcss@8.5.26", "", { "dependencies": { "nanoid": "^3.3.17", "picocolors": "^1.1.1", "source-map-js": "^1.2.1" } }, "sha512-u82N74LFzG8ca+dD8puPnplTXoGH4fTPpVGuIbt36G3qvNlkvfD0lEAZSxaly3KX8TS/L1A1gsCEmvKmBcVbkQ=="],

    "proxy-from-env": ["proxy-from-env@2.1.0", "", {}, "sha512-cJ+oHTW1VAEa8cJslgmUZrc+sjRKgAKl3Zyse6+PV38hZe/V6Z14TbCuXcan9F9ghlz4QrFr2c92TNF82UkYHA=="],

    "react": ["react@19.2.8", "", {}, "sha512-PWaYA1L/q9u2u7xYQi+Y3L3Yfnie7XyLeaJICV1MGD6LprsBxcAqGjYyr0eY3p+QdsA+x/Irkt4Qif8D63+Sbw=="],

    "react-dom": ["react-dom@19.2.8", "", { "dependencies": { "scheduler": "^0.27.0" }, "peerDependencies": { "react": "^19.2.8" } }, "sha512-rVprimfGBG3DR+Tq0IQG2DT5PxKth1WIGDmj5yPmlzr4YBe7uyE+Du4oVqTDXZSHGGGXRtTJEGSSePyQCMBglQ=="],

    "rolldown": ["rolldown@1.2.5", "", { "dependencies": { "@oxc-project/types": "=0.146.0", "@rolldown/pluginutils": "^1.0.0" }, "optionalDependencies": { "@rolldown/binding-android-arm-eabi": "1.2.5", "@rolldown/binding-android-arm64": "1.2.5", "@rolldown/binding-darwin-arm64": "1.2.5", "@rolldown/binding-darwin-x64": "1.2.5", "@rolldown/binding-freebsd-x64": "1.2.5", "@rolldown/binding-linux-arm-gnueabihf": "1.2.5", "@rolldown/binding-linux-arm64-gnu": "1.2.5", "@rolldown/binding-linux-arm64-musl": "1.2.5", "@rolldown/binding-linux-ppc64-gnu": "1.2.5", "@rolldown/binding-linux-s390x-gnu": "1.2.5", "@rolldown/binding-linux-x64-gnu": "1.2.5", "@rolldown/binding-linux-x64-musl": "1.2.5", "@rolldown/binding-openharmony-arm64": "1.2.5", "@rolldown/binding-win32-arm64-msvc": "1.2.5", "@rolldown/binding-win32-x64-msvc": "1.2.5" }, "bin": { "rolldown": "./bin/cli.mjs" } }, "sha512-VD2IE5PUG4Oj8zz2VGykiYd5wbnjdIiSsNQb8Qu5B+noEp+A78mu2iVvpp27g8es14Tk9rofNs5Tku9iQCS4fA=="],

    "scheduler": ["scheduler@0.27.0", "", {}, "sha512-eNv+WrVbKu1f3vbYJT/xtiF5syA5HPIMtf9IgY/nKg0sWqzAUEvqY/xm7OcZc/qafLx/iO9FgOmeSAp4v5ti/Q=="],

    "source-map-js": ["source-map-js@1.2.1", "", {}, "sha512-UXWMKhLOwVKb728IUtQPXxfYU+usdybtUrK/8uGE8CQMvrhOpwvzDBwj0QhSL7MQc7vIsISBG8VQ8+IDQxpfQA=="],

    "tiny-sha256": ["tiny-sha256@1.0.2", "", {}, "sha512-IdsPtu8eJ0SwuCWUFm2euFH3jJvtpGQC0VpZNZlqxRvQ2zGvSjbXDO+4T8Rm5ETsmCQHHvKUGds69bJYrlb3Tg=="],

    "tinyglobby": ["tinyglobby@0.2.17", "", { "dependencies": { "fdir": "^6.5.0", "picomatch": "^4.0.4" } }, "sha512-wXR/dYpcqKmfWpEdZjiKJOwCNFndD0DMnrW/cYjVGttEkBfVgcLFHoNrlj47mjOVic9yyNu65alsgF4NQyTa2g=="],

    "tslib": ["tslib@2.8.1", "", {}, "sha512-oJFu94HQb+KVduSUQL7wnpmqnfmLsOA/nAh6b6EH0wCEoK0/mPeXU6c3wKDV83MkOuHPRHtSXKKU99IBazS/2w=="],

    "typescript": ["typescript@6.0.3", "", { "bin": { "tsc": "bin/tsc", "tsserver": "bin/tsserver" } }, "sha512-y2TvuxSZPDyQakkFRPZHKFm+KKVqIisdg9/CZwm9ftvKXLP8NRWj38/ODjNbr43SsoXqNuAisEf1GdCxqWcdBw=="],

    "undici-types": ["undici-types@7.18.2", "", {}, "sha512-AsuCzffGHJybSaRrmr5eHr81mwJU3kjw6M+uprWvCXiNeN9SOGwQ3Jn8jb8m3Z6izVgknn1R0FTCEAP2QrLY/w=="],

    "vite": ["vite@8.2.2", "", { "dependencies": { "lightningcss": "^1.33.0", "picomatch": "^4.0.5", "postcss": "^8.5.26", "rolldown": "~1.2.4", "tinyglobby": "^0.2.17" }, "optionalDependencies": { "fsevents": "~2.3.3" }, "peerDependencies": { "@types/node": "^20.19.0 || >=22.12.0", "@vitejs/devtools": "^0.4.0 || ^0.5.0", "esbuild": "^0.27.0 || ^0.28.0", "jiti": ">=1.21.0", "less": "^4.0.0", "sass": "^1.70.0", "sass-embedded": "^1.70.0", "stylus": ">=0.54.8", "sugarss": "^5.0.0", "terser": "^5.16.0", "tsx": "^4.8.1", "yaml": "^2.4.2" }, "optionalPeers": ["@types/node", "@vitejs/devtools", "esbuild", "jiti", "less", "sass", "sass-embedded", "stylus", "sugarss", "terser", "tsx", "yaml"], "bin": { "vite": "bin/vite.js" } }, "sha512-cFKLV/PRgAUlIRm5WjMjJ86jrftzpqcgH+Us+DS8mI3CDNiH30Whrz8uHL3+MOLPAgqbMBAqWdAHAphOAM+z/Q=="],

    "whatwg-fetch": ["whatwg-fetch@3.6.20", "", {}, "sha512-EqhiFU6daOA8kpjOWTL0olhVOF3i7OrFzSYiGsEMB8GcXS+RrzauAERX65xMeNWVqxA6HXH2m69Z9LaKKdisfg=="],
  }
}
